
Microsoft Visual Studio Solution File, Format Version 12.00
# Visual Studio 15
VisualStudioVersion = 15.0.26124.0
MinimumVisualStudioVersion = 15.0.26124.0
Project("{FAE04EC0-301F-11D3-BF4B-00C04F79EFBC}") = "QuickBuy.Dominio", "QuickBuy.Dominio\QuickBuy.Dominio.csproj", "{DAEE1348-7DDB-40B0-AF07-54DF4A0A1508}"
EndProject
Project("{FAE04EC0-301F-11D3-BF4B-00C04F79EFBC}") = "QuickBuy.Repositorio", "QuickBuy.Repositorio\QuickBuy.Repositorio.csproj", "{FBF98A32-6C9E-4DCC-8211-FECC68846AE1}"
EndProject
Project("{FAE04EC0-301F-11D3-BF4B-00C04F79EFBC}") = "QuickBuy.Web", "QuickBuy.Web\QuickBuy.Web.csproj", "{8A422D76-BDD0-49E3-BF23-7B467FDBF2A0}"
EndProject
Global
	GlobalSection(SolutionConfigurationPlatforms) = preSolution
		Debug|Any CPU = Debug|Any CPU
		Debug|x64 = Debug|x64
		Debug|x86 = Debug|x86
		Release|Any CPU = Release|Any CPU
		Release|x64 = Release|x64
		Release|x86 = Release|x86
	EndGlobalSection
	GlobalSection(SolutionProperties) = preSolution
		HideSolutionNode = FALSE
	EndGlobalSection
	GlobalSection(ProjectConfigurationPlatforms) = postSolution
		{DAEE1348-7DDB-40B0-AF07-54DF4A0A1508}.Debug|Any CPU.ActiveCfg = Debug|Any CPU
		{DAEE1348-7DDB-40B0-AF07-54DF4A0A1508}.Debug|Any CPU.Build.0 = Debug|Any CPU
		{DAEE1348-7DDB-40B0-AF07-54DF4A0A1508}.Debug|x64.ActiveCfg = Debug|Any CPU
		{DAEE1348-7DDB-40B0-AF07-54DF4A0A1508}.Debug|x64.Build.0 = Debug|Any CPU
		{DAEE1348-7DDB-40B0-AF07-54DF4A0A1508}.Debug|x86.ActiveCfg = Debug|Any CPU
		{DAEE1348-7DDB-40B0-AF07-54DF4A0A1508}.Debug|x86.Build.0 = Debug|Any CPU
		{DAEE1348-7DDB-40B0-AF07-54DF4A0A1508}.Release|Any CPU.ActiveCfg = Release|Any CPU
		{DAEE1348-7DDB-40B0-AF07-54DF4A0A1508}.Release|Any CPU.Build.0 = Release|Any CPU
		{DAEE1348-7DDB-40B0-AF07-54DF4A0A1508}.Release|x64.ActiveCfg = Release|Any CPU
		{DAEE1348-7DDB-40B0-AF07-54DF4A0A1508}.Release|x64.Build.0 = Release|Any CPU
		{DAEE1348-7DDB-40B0-AF07-54DF4A0A1508}.Release|x86.ActiveCfg = Release|Any CPU
		{DAEE1348-7DDB-40B0-AF07-54DF4A0A1508}.Release|x86.Build.0 = Release|Any CPU
		{FBF98A32-6C9E-4DCC-8211-FECC68846AE1}.Debug|Any CPU.ActiveCfg = Debug|Any CPU
		{FBF98A32-6C9E-4DCC-8211-FECC68846AE1}.Debug|Any CPU.Build.0 = Debug|Any CPU
		{FBF98A32-6C9E-4DCC-8211-FECC68846AE1}.Debug|x64.ActiveCfg = Debug|Any CPU
		{FBF98A32-6C9E-4DCC-8211-FECC68846AE1}.Debug|x64.Build.0 = Debug|Any CPU
		{FBF98A32-6C9E-4DCC-8211-FECC68846AE1}.Debug|x86.ActiveCfg = Debug|Any CPU
		{FBF98A32-6C9E-4DCC-8211-FECC68846AE1}.Debug|x86.Build.0 = Debug|Any CPU
		{FBF98A32-6C9E-4DCC-8211-FECC68846AE1}.Release|Any CPU.ActiveCfg = Release|Any CPU
		{FBF98A32-6C9E-4DCC-8211-FECC68846AE1}.Release|Any CPU.Build.0 = Release|Any CPU
		{FBF98A32-6C9E-4DCC-8211-FECC68846AE1}.Release|x64.ActiveCfg = Release|Any CPU
		{FBF98A32-6C9E-4DCC-8211-FECC68846AE1}.Release|x64.Build.0 = Release|Any CPU
		{FBF98A32-6C9E-4DCC-8211-FECC68846AE1}.Release|x86.ActiveCfg = Release|Any CPU
		{FBF98A32-6C9E-4DCC-8211-FECC68846AE1}.Release|x86.Build.0 = Release|Any CPU
		{8A422D76-BDD0-49E3-BF23-7B467FDBF2A0}.Debug|Any CPU.ActiveCfg = Debug|Any CPU
		{8A422D76-BDD0-49E3-BF23-7B467FDBF2A0}.Debug|Any CPU.Build.0 = Debug|Any CPU
		{8A422D76-BDD0-49E3-BF23-7B467FDBF2A0}.Debug|x64.ActiveCfg = Debug|Any CPU
		{8A422D76-BDD0-49E3-BF23-7B467FDBF2A0}.Debug|x64.Build.0 = Debug|Any CPU
		{8A422D76-BDD0-49E3-BF23-7B467FDBF2A0}.Debug|x86.ActiveCfg = Debug|Any CPU
		{8A422D76-BDD0-49E3-BF23-7B467FDBF2A0}.Debug|x86.Build.0 = Debug|Any CPU
		{8A422D76-BDD0-49E3-BF23-7B467FDBF2A0}.Release|Any CPU.ActiveCfg = Release|Any CPU
		{8A422D76-BDD0-49E3-BF23-7B467FDBF2A0}.Release|Any CPU.Build.0 = Release|Any CPU
		{8A422D76-BDD0-49E3-BF23-7B467FDBF2A0}.Release|x64.ActiveCfg = Release|Any CPU
		{8A422D76-BDD0-49E3-BF23-7B467FDBF2A0}.Release|x64.Build.0 = Release|Any CPU
		{8A422D76-BDD0-49E3-BF23-7B467FDBF2A0}.Release|x86.ActiveCfg = Release|Any CPU
		{8A422D76-BDD0-49E3-BF23-7B467FDBF2A0}.Release|x86.Build.0 = Release|Any CPU
	EndGlobalSection
EndGlobal
